
Microsoft Visual Studio Solution File, Format Version 12.00
# Visual Studio 15
Project("{FAE04EC0-301F-11D3-BF4B-00C04F79EFBC}") = "Forms.Android", "Forms.Android\Forms.Android.csproj", "{2ABD91E0-B4A6-4241-B627-4B78FB6A4946}"
EndProject
Project("{FAE04EC0-301F-11D3-BF4B-00C04F79EFBC}") = "Forms.iOS", "Forms.iOS\Forms.iOS.csproj", "{708E580E-3FA9-480E-9692-18030813631B}"
EndProject
Project("{FAE04EC0-301F-11D3-BF4B-00C04F79EFBC}") = "Forms", "Forms\Forms.csproj", "{A03C2A34-6318-4830-BC1A-D38A52376FA0}"
EndProject
Global
	GlobalSection(SolutionConfigurationPlatforms) = preSolution
		Debug|Any CPU = Debug|Any CPU
		Release|Any CPU = Release|Any CPU
		Debug|iPhoneSimulator = Debug|iPhoneSimulator
		Release|iPhoneSimulator = Release|iPhoneSimulator
		Debug|iPhone = Debug|iPhone
		Release|iPhone = Release|iPhone
	EndGlobalSection
	GlobalSection(ProjectConfigurationPlatforms) = postSolution
		{2ABD91E0-B4A6-4241-B627-4B78FB6A4946}.Debug|Any CPU.ActiveCfg = Debug|Any CPU
		{2ABD91E0-B4A6-4241-B627-4B78FB6A4946}.Debug|Any CPU.Build.0 = Debug|Any CPU
		{2ABD91E0-B4A6-4241-B627-4B78FB6A4946}.Release|Any CPU.ActiveCfg = Release|Any CPU
		{2ABD91E0-B4A6-4241-B627-4B78FB6A4946}.Release|Any CPU.Build.0 = Release|Any CPU
		{2ABD91E0-B4A6-4241-B627-4B78FB6A4946}.Debug|iPhoneSimulator.ActiveCfg = Debug|Any CPU
		{2ABD91E0-B4A6-4241-B627-4B78FB6A4946}.Debug|iPhoneSimulator.Build.0 = Debug|Any CPU
		{2ABD91E0-B4A6-4241-B627-4B78FB6A4946}.Release|iPhoneSimulator.ActiveCfg = Release|Any CPU
		{2ABD91E0-B4A6-4241-B627-4B78FB6A4946}.Release|iPhoneSimulator.Build.0 = Release|Any CPU
		{2ABD91E0-B4A6-4241-B627-4B78FB6A4946}.Debug|iPhone.ActiveCfg = Debug|Any CPU
		{2ABD91E0-B4A6-4241-B627-4B78FB6A4946}.Debug|iPhone.Build.0 = Debug|Any CPU
		{2ABD91E0-B4A6-4241-B627-4B78FB6A4946}.Release|iPhone.ActiveCfg = Release|Any CPU
		{2ABD91E0-B4A6-4241-B627-4B78FB6A4946}.Release|iPhone.Build.0 = Release|Any CPU
		{708E580E-3FA9-480E-9692-18030813631B}.Debug|Any CPU.ActiveCfg = Debug|iPhoneSimulator
		{708E580E-3FA9-480E-9692-18030813631B}.Debug|Any CPU.Build.0 = Debug|iPhoneSimulator
		{708E580E-3FA9-480E-9692-18030813631B}.Release|Any CPU.ActiveCfg = Release|iPhoneSimulator
		{708E580E-3FA9-480E-9692-18030813631B}.Release|Any CPU.Build.0 = Release|iPhoneSimulator
		{708E580E-3FA9-480E-9692-18030813631B}.Debug|iPhoneSimulator.ActiveCfg = Debug|iPhoneSimulator
		{708E580E-3FA9-480E-9692-18030813631B}.Debug|iPhoneSimulator.Build.0 = Debug|iPhoneSimulator
		{708E580E-3FA9-480E-9692-18030813631B}.Release|iPhoneSimulator.ActiveCfg = Release|iPhoneSimulator
		{708E580E-3FA9-480E-9692-18030813631B}.Release|iPhoneSimulator.Build.0 = Release|iPhoneSimulator
		{708E580E-3FA9-480E-9692-18030813631B}.Debug|iPhone.ActiveCfg = Debug|iPhone
		{708E580E-3FA9-480E-9692-18030813631B}.Debug|iPhone.Build.0 = Debug|iPhone
		{708E580E-3FA9-480E-9692-18030813631B}.Release|iPhone.ActiveCfg = Release|iPhone
		{708E580E-3FA9-480E-9692-18030813631B}.Release|iPhone.Build.0 = Release|iPhone
		{A03C2A34-6318-4830-BC1A-D38A52376FA0}.Debug|Any CPU.ActiveCfg = Debug|Any CPU
		{A03C2A34-6318-4830-BC1A-D38A52376FA0}.Debug|Any CPU.Build.0 = Debug|Any CPU
		{A03C2A34-6318-4830-BC1A-D38A52376FA0}.Release|Any CPU.ActiveCfg = Release|Any CPU
		{A03C2A34-6318-4830-BC1A-D38A52376FA0}.Release|Any CPU.Build.0 = Release|Any CPU
		{A03C2A34-6318-4830-BC1A-D38A52376FA0}.Debug|iPhoneSimulator.ActiveCfg = Debug|Any CPU
		{A03C2A34-6318-4830-BC1A-D38A52376FA0}.Debug|iPhoneSimulator.Build.0 = Debug|Any CPU
		{A03C2A34-6318-4830-BC1A-D38A52376FA0}.Release|iPhoneSimulator.ActiveCfg = Release|Any CPU
		{A03C2A34-6318-4830-BC1A-D38A52376FA0}.Release|iPhoneSimulator.Build.0 = Release|Any CPU
		{A03C2A34-6318-4830-BC1A-D38A52376FA0}.Debug|iPhone.ActiveCfg = Debug|Any CPU
		{A03C2A34-6318-4830-BC1A-D38A52376FA0}.Debug|iPhone.Build.0 = Debug|Any CPU
		{A03C2A34-6318-4830-BC1A-D38A52376FA0}.Release|iPhone.ActiveCfg = Release|Any CPU
		{A03C2A34-6318-4830-BC1A-D38A52376FA0}.Release|iPhone.Build.0 = Release|Any CPU
	EndGlobalSection
EndGlobal
